{
  "pins" : [
    {
      "identity" : "lottie-spm",
      "kind" : "remoteSourceControl",
      "location" : "https://github.com/airbnb/lottie-spm.git",
      "state" : {
        "branch" : "main",
        "revision" : "b7f41dd0b33c61577a4f0c8dd3674e5933719da0"
      }
    }
  ],
  "version" : 2
}
